
Microsoft Visual Studio Solution File, Format Version 12.00
# Visual Studio Version 17
VisualStudioVersion = 17.1.32421.90
MinimumVisualStudioVersion = 10.0.40219.1
Project("{9A19103F-16F7-4668-BE54-9A1E7A4F7556}") = "ConsoleApp_dot_net_5", "ConsoleApp_dot_net_5\ConsoleApp_dot_net_5.csproj", "{A902541F-E7F1-462A-A1E1-36F6DF966BD5}"
EndProject
Project("{9A19103F-16F7-4668-BE54-9A1E7A4F7556}") = "ConsoleApp_don_net_6", "ConsoleApp_don_net_6\ConsoleApp_don_net_6.csproj", "{3EDAEEF7-77C1-46DD-B8DA-0192A69C74FE}"
EndProject
Project("{9A19103F-16F7-4668-BE54-9A1E7A4F7556}") = "UnitTestPrimeFactor", "UnitTestPrimeFactor\UnitTestPrimeFactor.csproj", "{C4C01C65-22B2-4ACA-850A-3728A3EE3C9B}"
EndProject
Project("{9A19103F-16F7-4668-BE54-9A1E7A4F7556}") = "ClassLib", "ClassLib\ClassLib.csproj", "{496EEEC8-5FC4-45EF-8CED-872AFFC2AACD}"
EndProject
Project("{FAE04EC0-301F-11D3-BF4B-00C04F79EFBC}") = "QuadraticEqationUnitTests", "QuadraticEqationUnitTests\QuadraticEqationUnitTests.csproj", "{D55096D5-AB21-4EB1-A057-5574146B5D8F}"
EndProject
Global
	GlobalSection(SolutionConfigurationPlatforms) = preSolution
		Debug|Any CPU = Debug|Any CPU
		Release|Any CPU = Release|Any CPU
	EndGlobalSection
	GlobalSection(ProjectConfigurationPlatforms) = postSolution
		{A902541F-E7F1-462A-A1E1-36F6DF966BD5}.Debug|Any CPU.ActiveCfg = Debug|Any CPU
		{A902541F-E7F1-462A-A1E1-36F6DF966BD5}.Debug|Any CPU.Build.0 = Debug|Any CPU
		{A902541F-E7F1-462A-A1E1-36F6DF966BD5}.Release|Any CPU.ActiveCfg = Release|Any CPU
		{A902541F-E7F1-462A-A1E1-36F6DF966BD5}.Release|Any CPU.Build.0 = Release|Any CPU
		{3EDAEEF7-77C1-46DD-B8DA-0192A69C74FE}.Debug|Any CPU.ActiveCfg = Debug|Any CPU
		{3EDAEEF7-77C1-46DD-B8DA-0192A69C74FE}.Debug|Any CPU.Build.0 = Debug|Any CPU
		{3EDAEEF7-77C1-46DD-B8DA-0192A69C74FE}.Release|Any CPU.ActiveCfg = Release|Any CPU
		{3EDAEEF7-77C1-46DD-B8DA-0192A69C74FE}.Release|Any CPU.Build.0 = Release|Any CPU
		{C4C01C65-22B2-4ACA-850A-3728A3EE3C9B}.Debug|Any CPU.ActiveCfg = Debug|Any CPU
		{C4C01C65-22B2-4ACA-850A-3728A3EE3C9B}.Debug|Any CPU.Build.0 = Debug|Any CPU
		{C4C01C65-22B2-4ACA-850A-3728A3EE3C9B}.Release|Any CPU.ActiveCfg = Release|Any CPU
		{C4C01C65-22B2-4ACA-850A-3728A3EE3C9B}.Release|Any CPU.Build.0 = Release|Any CPU
		{496EEEC8-5FC4-45EF-8CED-872AFFC2AACD}.Debug|Any CPU.ActiveCfg = Debug|Any CPU
		{496EEEC8-5FC4-45EF-8CED-872AFFC2AACD}.Debug|Any CPU.Build.0 = Debug|Any CPU
		{496EEEC8-5FC4-45EF-8CED-872AFFC2AACD}.Release|Any CPU.ActiveCfg = Release|Any CPU
		{496EEEC8-5FC4-45EF-8CED-872AFFC2AACD}.Release|Any CPU.Build.0 = Release|Any CPU
		{D55096D5-AB21-4EB1-A057-5574146B5D8F}.Debug|Any CPU.ActiveCfg = Debug|Any CPU
		{D55096D5-AB21-4EB1-A057-5574146B5D8F}.Debug|Any CPU.Build.0 = Debug|Any CPU
		{D55096D5-AB21-4EB1-A057-5574146B5D8F}.Release|Any CPU.ActiveCfg = Release|Any CPU
		{D55096D5-AB21-4EB1-A057-5574146B5D8F}.Release|Any CPU.Build.0 = Release|Any CPU
	EndGlobalSection
	GlobalSection(SolutionProperties) = preSolution
		HideSolutionNode = FALSE
	EndGlobalSection
	GlobalSection(ExtensibilityGlobals) = postSolution
		SolutionGuid = {3FA582B6-7E79-47F5-A9C3-3DCF09DBE68B}
	EndGlobalSection
EndGlobal
